
Microsoft Visual Studio Solution File, Format Version 12.00
# Visual Studio 15
VisualStudioVersion = 15.0.28307.757
MinimumVisualStudioVersion = 10.0.40219.1
Project("{FAE04EC0-301F-11D3-BF4B-00C04F79EFBC}") = "WebApp", "WebApp\WebApp.csproj", "{F243F784-5352-4923-B6AB-48E783905248}"
EndProject
Global
	GlobalSection(SolutionConfigurationPlatforms) = preSolution
		Debug|Any CPU = Debug|Any CPU
		Release|Any CPU = Release|Any CPU
	EndGlobalSection
	GlobalSection(ProjectConfigurationPlatforms) = postSolution
		{F243F784-5352-4923-B6AB-48E783905248}.Debug|Any CPU.ActiveCfg = Debug|Any CPU
		{F243F784-5352-4923-B6AB-48E783905248}.Debug|Any CPU.Build.0 = Debug|Any CPU
		{F243F784-5352-4923-B6AB-48E783905248}.Release|Any CPU.ActiveCfg = Release|Any CPU
		{F243F784-5352-4923-B6AB-48E783905248}.Release|Any CPU.Build.0 = Release|Any CPU
	EndGlobalSection
	GlobalSection(SolutionProperties) = preSolution
		HideSolutionNode = FALSE
	EndGlobalSection
	GlobalSection(ExtensibilityGlobals) = postSolution
		SolutionGuid = {BE6A755A-7B0C-4AA3-ABF4-F2D87045C2E7}
	EndGlobalSection
EndGlobal
